
Microsoft Visual Studio Solution File, Format Version 11.00
# Visual C++ Express 2010
Project("{8BC9CEB8-8B4A-11D0-8D11-00A0C91BC942}") = "LPFilter", "LPFilter\LPFilter.vcxproj", "{E3636D7D-6CF6-4538-B6CE-DF925BCCD696}"
EndProject
Project("{8BC9CEB8-8B4A-11D0-8D11-00A0C91BC942}") = "HPFilter", "HPFilter\HPFilter.vcxproj", "{A31660B9-5F14-42FC-83A7-7F3237072CBC}"
EndProject
Project("{8BC9CEB8-8B4A-11D0-8D11-00A0C91BC942}") = "BPFilter", "BPFilter\BPFilter.vcxproj", "{06D3E341-49A3-4378-B9E2-A2CE06365F86}"
EndProject
Global
	GlobalSection(SolutionConfigurationPlatforms) = preSolution
		Debug|Win32 = Debug|Win32
		Release|Win32 = Release|Win32
	EndGlobalSection
	GlobalSection(ProjectConfigurationPlatforms) = postSolution
		{E3636D7D-6CF6-4538-B6CE-DF925BCCD696}.Debug|Win32.ActiveCfg = Debug|Win32
		{E3636D7D-6CF6-4538-B6CE-DF925BCCD696}.Debug|Win32.Build.0 = Debug|Win32
		{E3636D7D-6CF6-4538-B6CE-DF925BCCD696}.Release|Win32.ActiveCfg = Release|Win32
		{E3636D7D-6CF6-4538-B6CE-DF925BCCD696}.Release|Win32.Build.0 = Release|Win32
		{A31660B9-5F14-42FC-83A7-7F3237072CBC}.Debug|Win32.ActiveCfg = Debug|Win32
		{A31660B9-5F14-42FC-83A7-7F3237072CBC}.Debug|Win32.Build.0 = Debug|Win32
		{A31660B9-5F14-42FC-83A7-7F3237072CBC}.Release|Win32.ActiveCfg = Release|Win32
		{A31660B9-5F14-42FC-83A7-7F3237072CBC}.Release|Win32.Build.0 = Release|Win32
		{06D3E341-49A3-4378-B9E2-A2CE06365F86}.Debug|Win32.ActiveCfg = Debug|Win32
		{06D3E341-49A3-4378-B9E2-A2CE06365F86}.Debug|Win32.Build.0 = Debug|Win32
		{06D3E341-49A3-4378-B9E2-A2CE06365F86}.Release|Win32.ActiveCfg = Release|Win32
		{06D3E341-49A3-4378-B9E2-A2CE06365F86}.Release|Win32.Build.0 = Release|Win32
	EndGlobalSection
	GlobalSection(SolutionProperties) = preSolution
		HideSolutionNode = FALSE
	EndGlobalSection
EndGlobal
